
Microsoft Visual Studio Solution File, Format Version 12.00
# Visual Studio 15
VisualStudioVersion = 15.0.28307.329
MinimumVisualStudioVersion = 10.0.40219.1
Project("{FAE04EC0-301F-11D3-BF4B-00C04F79EFBC}") = "Snakemy", "Snakemy\Snakemy.csproj", "{6F7AE305-3A72-4692-9AB3-125B1FD9F801}"
EndProject
Global
	GlobalSection(SolutionConfigurationPlatforms) = preSolution
		Debug|Any CPU = Debug|Any CPU
		Release|Any CPU = Release|Any CPU
	EndGlobalSection
	GlobalSection(ProjectConfigurationPlatforms) = postSolution
		{6F7AE305-3A72-4692-9AB3-125B1FD9F801}.Debug|Any CPU.ActiveCfg = Debug|Any CPU
		{6F7AE305-3A72-4692-9AB3-125B1FD9F801}.Debug|Any CPU.Build.0 = Debug|Any CPU
		{6F7AE305-3A72-4692-9AB3-125B1FD9F801}.Release|Any CPU.ActiveCfg = Release|Any CPU
		{6F7AE305-3A72-4692-9AB3-125B1FD9F801}.Release|Any CPU.Build.0 = Release|Any CPU
	EndGlobalSection
	GlobalSection(SolutionProperties) = preSolution
		HideSolutionNode = FALSE
	EndGlobalSection
	GlobalSection(ExtensibilityGlobals) = postSolution
		SolutionGuid = {E4C99521-4A7A-4487-B869-266099D92EC5}
	EndGlobalSection
EndGlobal
